// !$*UTF8*$!
{
	archiveVersion = 1;
	classes = {
	};
	objectVersion = 46;
	objects = {

/* Begin PBXBuildFile section */
		1DAD6D7913675C700018F2F2 /* Cocoa.framework in Frameworks */ = {isa = PBXBuildFile; fileRef = 1DAD6D7813675C700018F2F2 /* Cocoa.framework */; };
		1DAD6D7B13675C700018F2F2 /* PreferencePanes.framework in Frameworks */ = {isa = PBXBuildFile; fileRef = 1DAD6D7A13675C700018F2F2 /* PreferencePanes.framework */; };
		1DAD6D8513675C700018F2F2 /* InfoPlist.strings in Resources */ = {isa = PBXBuildFile; fileRef = 1DAD6D8313675C700018F2F2 /* InfoPlist.strings */; };
		1DAD6D8813675C700018F2F2 /* Lockstep.h in Headers */ = {isa = PBXBuildFile; fileRef = 1DAD6D8713675C700018F2F2 /* Lockstep.h */; };
		1DAD6D8A13675C700018F2F2 /* Lockstep.m in Sources */ = {isa = PBXBuildFile; fileRef = 1DAD6D8913675C700018F2F2 /* Lockstep.m */; };
		1DAD6D8C13675C700018F2F2 /* Lockstep.tiff in Resources */ = {isa = PBXBuildFile; fileRef = 1DAD6D8B13675C700018F2F2 /* Lockstep.tiff */; };
		1DAD6D8F13675C700018F2F2 /* Lockstep.xib in Resources */ = {isa = PBXBuildFile; fileRef = 1DAD6D8D13675C700018F2F2 /* Lockstep.xib */; };
		1DAD6D9C136762790018F2F2 /* lockstep in Resources */ = {isa = PBXBuildFile; fileRef = 1DAD6D9B136762790018F2F2 /* lockstep */; };
		1DAD6DA0136762E20018F2F2 /* LockstepCLI.h in Headers */ = {isa = PBXBuildFile; fileRef = 1DAD6D9E136762E20018F2F2 /* LockstepCLI.h */; };
		1DAD6DA1136762E20018F2F2 /* LockstepCLI.m in Sources */ = {isa = PBXBuildFile; fileRef = 1DAD6D9F136762E20018F2F2 /* LockstepCLI.m */; };
		1DAD6DA6136856850018F2F2 /* MIT-License.rtf in Resources */ = {isa = PBXBuildFile; fileRef = 1DAD6DA3136856850018F2F2 /* MIT-License.rtf */; };
		1DAD6DA7136856850018F2F2 /* RSVerticallyCenteredTextFieldCell.h in Headers */ = {isa = PBXBuildFile; fileRef = 1DAD6DA4136856850018F2F2 /* RSVerticallyCenteredTextFieldCell.h */; };
		1DAD6DA8136856850018F2F2 /* RSVerticallyCenteredTextFieldCell.m in Sources */ = {isa = PBXBuildFile; fileRef = 1DAD6DA5136856850018F2F2 /* RSVerticallyCenteredTextFieldCell.m */; };
		1DAD6DAB136856E70018F2F2 /* PathToIconTransformer.h in Headers */ = {isa = PBXBuildFile; fileRef = 1DAD6DA9136856E70018F2F2 /* PathToIconTransformer.h */; };
		1DAD6DAC136856E70018F2F2 /* PathToIconTransformer.m in Sources */ = {isa = PBXBuildFile; fileRef = 1DAD6DAA136856E70018F2F2 /* PathToIconTransformer.m */; };
		1DAD6DAE13686BEA0018F2F2 /* dots.png in Resources */ = {isa = PBXBuildFile; fileRef = 1DAD6DAD13686BEA0018F2F2 /* dots.png */; };
		1DAD6DB113686FB20018F2F2 /* SourceTableView.h in Headers */ = {isa = PBXBuildFile; fileRef = 1DAD6DAF13686FB20018F2F2 /* SourceTableView.h */; };
		1DAD6DB213686FB20018F2F2 /* SourceTableView.m in Sources */ = {isa = PBXBuildFile; fileRef = 1DAD6DB013686FB20018F2F2 /* SourceTableView.m */; };
		1DAD6DD7136905210018F2F2 /* AcceptsDeleteKeyTableView.h in Headers */ = {isa = PBXBuildFile; fileRef = 1DAD6DD2136905210018F2F2 /* AcceptsDeleteKeyTableView.h */; };
		1DAD6DD8136905210018F2F2 /* AcceptsDeleteKeyTableView.m in Sources */ = {isa = PBXBuildFile; fileRef = 1DAD6DD3136905210018F2F2 /* AcceptsDeleteKeyTableView.m */; };
		1DAD6DD9136905210018F2F2 /* AddAssociationController.h in Headers */ = {isa = PBXBuildFile; fileRef = 1DAD6DD4136905210018F2F2 /* AddAssociationController.h */; };
		1DAD6DDA136905210018F2F2 /* AddAssociationController.m in Sources */ = {isa = PBXBuildFile; fileRef = 1DAD6DD5136905210018F2F2 /* AddAssociationController.m */; };
		1DAD6DDB136905210018F2F2 /* AddAssociationView.xib in Resources */ = {isa = PBXBuildFile; fileRef = 1DAD6DD6136905210018F2F2 /* AddAssociationView.xib */; };
		1DAD6DE1136905400018F2F2 /* SlideView.h in Headers */ = {isa = PBXBuildFile; fileRef = 1DAD6DDD136905400018F2F2 /* SlideView.h */; };
		1DAD6DE2136905400018F2F2 /* SlideView.m in Sources */ = {isa = PBXBuildFile; fileRef = 1DAD6DDE136905400018F2F2 /* SlideView.m */; };
		1DAD6DE3136905400018F2F2 /* ToggleView.h in Headers */ = {isa = PBXBuildFile; fileRef = 1DAD6DDF136905400018F2F2 /* ToggleView.h */; };
		1DAD6DE4136905400018F2F2 /* ToggleView.m in Sources */ = {isa = PBXBuildFile; fileRef = 1DAD6DE0136905400018F2F2 /* ToggleView.m */; };
		1DAD6DE61369B9030018F2F2 /* SourceTableBackground.png in Resources */ = {isa = PBXBuildFile; fileRef = 1DAD6DE51369B9030018F2F2 /* SourceTableBackground.png */; };
/* End PBXBuildFile section */

/* Begin PBXFileReference section */
		1DAD6D7513675C700018F2F2 /* Lockstep.prefPane */ = {isa = PBXFileReference; explicitFileType = wrapper.cfbundle; includeInIndex = 0; path = Lockstep.prefPane; sourceTree = BUILT_PRODUCTS_DIR; };
		1DAD6D7813675C700018F2F2 /* Cocoa.framework */ = {isa = PBXFileReference; lastKnownFileType = wrapper.framework; name = Cocoa.framework; path = System/Library/Frameworks/Cocoa.framework; sourceTree = SDKROOT; };
		1DAD6D7A13675C700018F2F2 /* PreferencePanes.framework */ = {isa = PBXFileReference; lastKnownFileType = wrapper.framework; name = PreferencePanes.framework; path = System/Library/Frameworks/PreferencePanes.framework; sourceTree = SDKROOT; };
		1DAD6D7D13675C700018F2F2 /* AppKit.framework */ = {isa = PBXFileReference; lastKnownFileType = wrapper.framework; name = AppKit.framework; path = System/Library/Frameworks/AppKit.framework; sourceTree = SDKROOT; };
		1DAD6D7E13675C700018F2F2 /* CoreData.framework */ = {isa = PBXFileReference; lastKnownFileType = wrapper.framework; name = CoreData.framework; path = System/Library/Frameworks/CoreData.framework; sourceTree = SDKROOT; };
		1DAD6D7F13675C700018F2F2 /* Foundation.framework */ = {isa = PBXFileReference; lastKnownFileType = wrapper.framework; name = Foundation.framework; path = System/Library/Frameworks/Foundation.framework; sourceTree = SDKROOT; };
		1DAD6D8213675C700018F2F2 /* Lockstep-Info.plist */ = {isa = PBXFileReference; lastKnownFileType = text.plist.xml; path = "Lockstep-Info.plist"; sourceTree = "<group>"; };
		1DAD6D8413675C700018F2F2 /* en */ = {isa = PBXFileReference; lastKnownFileType = text.plist.strings; name = en; path = en.lproj/InfoPlist.strings; sourceTree = "<group>"; };
		1DAD6D8613675C700018F2F2 /* Lockstep-Prefix.pch */ = {isa = PBXFileReference; lastKnownFileType = sourcecode.c.h; path = "Lockstep-Prefix.pch"; sourceTree = "<group>"; };
		1DAD6D8713675C700018F2F2 /* Lockstep.h */ = {isa = PBXFileReference; lastKnownFileType = sourcecode.c.h; path = Lockstep.h; sourceTree = "<group>"; };
		1DAD6D8913675C700018F2F2 /* Lockstep.m */ = {isa = PBXFileReference; lastKnownFileType = sourcecode.c.objc; path = Lockstep.m; sourceTree = "<group>"; };
		1DAD6D8B13675C700018F2F2 /* Lockstep.tiff */ = {isa = PBXFileReference; lastKnownFileType = image.tiff; path = Lockstep.tiff; sourceTree = "<group>"; };
		1DAD6D8E13675C700018F2F2 /* en */ = {isa = PBXFileReference; lastKnownFileType = file.xib; name = en; path = en.lproj/Lockstep.xib; sourceTree = "<group>"; };
		1DAD6D9B136762790018F2F2 /* lockstep */ = {isa = PBXFileReference; fileEncoding = 4; lastKnownFileType = text; path = lockstep; sourceTree = "<group>"; };
		1DAD6D9E136762E20018F2F2 /* LockstepCLI.h */ = {isa = PBXFileReference; fileEncoding = 4; lastKnownFileType = sourcecode.c.h; path = LockstepCLI.h; sourceTree = "<group>"; };
		1DAD6D9F136762E20018F2F2 /* LockstepCLI.m */ = {isa = PBXFileReference; fileEncoding = 4; lastKnownFileType = sourcecode.c.objc; path = LockstepCLI.m; sourceTree = "<group>"; };
		1DAD6DA3136856850018F2F2 /* MIT-License.rtf */ = {isa = PBXFileReference; fileEncoding = 4; lastKnownFileType = text.rtf; path = "MIT-License.rtf"; sourceTree = "<group>"; };
		1DAD6DA4136856850018F2F2 /* RSVerticallyCenteredTextFieldCell.h */ = {isa = PBXFileReference; fileEncoding = 4; lastKnownFileType = sourcecode.c.h; path = RSVerticallyCenteredTextFieldCell.h; sourceTree = "<group>"; };
		1DAD6DA5136856850018F2F2 /* RSVerticallyCenteredTextFieldCell.m */ = {isa = PBXFileReference; fileEncoding = 4; lastKnownFileType = sourcecode.c.objc; path = RSVerticallyCenteredTextFieldCell.m; sourceTree = "<group>"; };
		1DAD6DA9136856E70018F2F2 /* PathToIconTransformer.h */ = {isa = PBXFileReference; fileEncoding = 4; lastKnownFileType = sourcecode.c.h; path = PathToIconTransformer.h; sourceTree = "<group>"; };
		1DAD6DAA136856E70018F2F2 /* PathToIconTransformer.m */ = {isa = PBXFileReference; fileEncoding = 4; lastKnownFileType = sourcecode.c.objc; path = PathToIconTransformer.m; sourceTree = "<group>"; };
		1DAD6DAD13686BEA0018F2F2 /* dots.png */ = {isa = PBXFileReference; lastKnownFileType = image.png; path = dots.png; sourceTree = "<group>"; };
		1DAD6DAF13686FB20018F2F2 /* SourceTableView.h */ = {isa = PBXFileReference; fileEncoding = 4; lastKnownFileType = sourcecode.c.h; path = SourceTableView.h; sourceTree = "<group>"; };
		1DAD6DB013686FB20018F2F2 /* SourceTableView.m */ = {isa = PBXFileReference; fileEncoding = 4; lastKnownFileType = sourcecode.c.objc; path = SourceTableView.m; sourceTree = "<group>"; };
		1DAD6DD2136905210018F2F2 /* AcceptsDeleteKeyTableView.h */ = {isa = PBXFileReference; fileEncoding = 4; lastKnownFileType = sourcecode.c.h; path = AcceptsDeleteKeyTableView.h; sourceTree = "<group>"; };
		1DAD6DD3136905210018F2F2 /* AcceptsDeleteKeyTableView.m */ = {isa = PBXFileReference; fileEncoding = 4; lastKnownFileType = sourcecode.c.objc; path = AcceptsDeleteKeyTableView.m; sourceTree = "<group>"; };
		1DAD6DD4136905210018F2F2 /* AddAssociationController.h */ = {isa = PBXFileReference; fileEncoding = 4; lastKnownFileType = sourcecode.c.h; path = AddAssociationController.h; sourceTree = "<group>"; };
		1DAD6DD5136905210018F2F2 /* AddAssociationController.m */ = {isa = PBXFileReference; fileEncoding = 4; lastKnownFileType = sourcecode.c.objc; path = AddAssociationController.m; sourceTree = "<group>"; };
		1DAD6DD6136905210018F2F2 /* AddAssociationView.xib */ = {isa = PBXFileReference; fileEncoding = 4; lastKnownFileType = file.xib; path = AddAssociationView.xib; sourceTree = "<group>"; };
		1DAD6DDD136905400018F2F2 /* SlideView.h */ = {isa = PBXFileReference; fileEncoding = 4; lastKnownFileType = sourcecode.c.h; path = SlideView.h; sourceTree = "<group>"; };
		1DAD6DDE136905400018F2F2 /* SlideView.m */ = {isa = PBXFileReference; fileEncoding = 4; lastKnownFileType = sourcecode.c.objc; path = SlideView.m; sourceTree = "<group>"; };
		1DAD6DDF136905400018F2F2 /* ToggleView.h */ = {isa = PBXFileReference; fileEncoding = 4; lastKnownFileType = sourcecode.c.h; path = ToggleView.h; sourceTree = "<group>"; };
		1DAD6DE0136905400018F2F2 /* ToggleView.m */ = {isa = PBXFileReference; fileEncoding = 4; lastKnownFileType = sourcecode.c.objc; path = ToggleView.m; sourceTree = "<group>"; };
		1DAD6DE51369B9030018F2F2 /* SourceTableBackground.png */ = {isa = PBXFileReference; lastKnownFileType = image.png; path = SourceTableBackground.png; sourceTree = "<group>"; };
/* End PBXFileReference section */

/* Begin PBXFrameworksBuildPhase section */
		1DAD6D7013675C700018F2F2 /* Frameworks */ = {
			isa = PBXFrameworksBuildPhase;
			buildActionMask = 2147483647;
			files = (
				1DAD6D7913675C700018F2F2 /* Cocoa.framework in Frameworks */,
				1DAD6D7B13675C700018F2F2 /* PreferencePanes.framework in Frameworks */,
			);
			runOnlyForDeploymentPostprocessing = 0;
		};
/* End PBXFrameworksBuildPhase section */

/* Begin PBXGroup section */
		1DAD6D6813675C700018F2F2 = {
			isa = PBXGroup;
			children = (
				1DAD6D8013675C700018F2F2 /* Lockstep */,
				1DAD6D7713675C700018F2F2 /* Frameworks */,
				1DAD6D7613675C700018F2F2 /* Products */,
			);
			sourceTree = "<group>";
		};
		1DAD6D7613675C700018F2F2 /* Products */ = {
			isa = PBXGroup;
			children = (
				1DAD6D7513675C700018F2F2 /* Lockstep.prefPane */,
			);
			name = Products;
			sourceTree = "<group>";
		};
		1DAD6D7713675C700018F2F2 /* Frameworks */ = {
			isa = PBXGroup;
			children = (
				1DAD6D7813675C700018F2F2 /* Cocoa.framework */,
				1DAD6D7A13675C700018F2F2 /* PreferencePanes.framework */,
				1DAD6D7C13675C700018F2F2 /* Other Frameworks */,
			);
			name = Frameworks;
			sourceTree = "<group>";
		};
		1DAD6D7C13675C700018F2F2 /* Other Frameworks */ = {
			isa = PBXGroup;
			children = (
				1DAD6D7D13675C700018F2F2 /* AppKit.framework */,
				1DAD6D7E13675C700018F2F2 /* CoreData.framework */,
				1DAD6D7F13675C700018F2F2 /* Foundation.framework */,
			);
			name = "Other Frameworks";
			sourceTree = "<group>";
		};
		1DAD6D8013675C700018F2F2 /* Lockstep */ = {
			isa = PBXGroup;
			children = (
				1DAD6D8713675C700018F2F2 /* Lockstep.h */,
				1DAD6D8913675C700018F2F2 /* Lockstep.m */,
				1DAD6D8B13675C700018F2F2 /* Lockstep.tiff */,
				1DAD6D9E136762E20018F2F2 /* LockstepCLI.h */,
				1DAD6D9F136762E20018F2F2 /* LockstepCLI.m */,
				1DAD6DD2136905210018F2F2 /* AcceptsDeleteKeyTableView.h */,
				1DAD6DD3136905210018F2F2 /* AcceptsDeleteKeyTableView.m */,
				1DAD6DD4136905210018F2F2 /* AddAssociationController.h */,
				1DAD6DD5136905210018F2F2 /* AddAssociationController.m */,
				1DAD6DAF13686FB20018F2F2 /* SourceTableView.h */,
				1DAD6DB013686FB20018F2F2 /* SourceTableView.m */,
				1DAD6DA9136856E70018F2F2 /* PathToIconTransformer.h */,
				1DAD6DAA136856E70018F2F2 /* PathToIconTransformer.m */,
				1DAD6DDD136905400018F2F2 /* SlideView.h */,
				1DAD6DDE136905400018F2F2 /* SlideView.m */,
				1DAD6DDF136905400018F2F2 /* ToggleView.h */,
				1DAD6DE0136905400018F2F2 /* ToggleView.m */,
				1DAD6DD6136905210018F2F2 /* AddAssociationView.xib */,
				1DAD6D8D13675C700018F2F2 /* Lockstep.xib */,
				1DAD6D8113675C700018F2F2 /* Supporting Files */,
			);
			path = Lockstep;
			sourceTree = "<group>";
		};
		1DAD6D8113675C700018F2F2 /* Supporting Files */ = {
			isa = PBXGroup;
			children = (
				1DAD6DA21368560C0018F2F2 /* Lockstep'd */,
				1DAD6D8213675C700018F2F2 /* Lockstep-Info.plist */,
				1DAD6DAD13686BEA0018F2F2 /* dots.png */,
				1DAD6DE51369B9030018F2F2 /* SourceTableBackground.png */,
				1DAD6D8313675C700018F2F2 /* InfoPlist.strings */,
				1DAD6D8613675C700018F2F2 /* Lockstep-Prefix.pch */,
			);
			name = "Supporting Files";
			sourceTree = "<group>";
		};
		1DAD6DA21368560C0018F2F2 /* Lockstep'd */ = {
			isa = PBXGroup;
			children = (
				1DAD6DA3136856850018F2F2 /* MIT-License.rtf */,
				1DAD6DA4136856850018F2F2 /* RSVerticallyCenteredTextFieldCell.h */,
				1DAD6DA5136856850018F2F2 /* RSVerticallyCenteredTextFieldCell.m */,
				1DAD6D9B136762790018F2F2 /* lockstep */,
			);
			name = "Lockstep'd";
			sourceTree = "<group>";
		};
/* End PBXGroup section */

/* Begin PBXHeadersBuildPhase section */
		1DAD6D7113675C700018F2F2 /* Headers */ = {
			isa = PBXHeadersBuildPhase;
			buildActionMask = 2147483647;
			files = (
				1DAD6D8813675C700018F2F2 /* Lockstep.h in Headers */,
				1DAD6DA0136762E20018F2F2 /* LockstepCLI.h in Headers */,
				1DAD6DA7136856850018F2F2 /* RSVerticallyCenteredTextFieldCell.h in Headers */,
				1DAD6DAB136856E70018F2F2 /* PathToIconTransformer.h in Headers */,
				1DAD6DB113686FB20018F2F2 /* SourceTableView.h in Headers */,
				1DAD6DD7136905210018F2F2 /* AcceptsDeleteKeyTableView.h in Headers */,
				1DAD6DD9136905210018F2F2 /* AddAssociationController.h in Headers */,
				1DAD6DE1136905400018F2F2 /* SlideView.h in Headers */,
				1DAD6DE3136905400018F2F2 /* ToggleView.h in Headers */,
			);
			runOnlyForDeploymentPostprocessing = 0;
		};
/* End PBXHeadersBuildPhase section */

/* Begin PBXNativeTarget section */
		1DAD6D7413675C700018F2F2 /* Doppelganger */ = {
			isa = PBXNativeTarget;
			buildConfigurationList = 1DAD6D9213675C700018F2F2 /* Build configuration list for PBXNativeTarget "Doppelganger" */;
			buildPhases = (
				1DAD6D6F13675C700018F2F2 /* Sources */,
				1DAD6D7013675C700018F2F2 /* Frameworks */,
				1DAD6D7113675C700018F2F2 /* Headers */,
				1DAD6D7213675C700018F2F2 /* Resources */,
				1DAD6D7313675C700018F2F2 /* Rez */,
			);
			buildRules = (
			);
			dependencies = (
			);
			name = Doppelganger;
			productName = Lockstep;
			productReference = 1DAD6D7513675C700018F2F2 /* Lockstep.prefPane */;
			productType = "com.apple.product-type.bundle";
		};
/* End PBXNativeTarget section */

/* Begin PBXProject section */
		1DAD6D6A13675C700018F2F2 /* Project object */ = {
			isa = PBXProject;
			attributes = {
				ORGANIZATIONNAME = "From Concentrate Software";
			};
			buildConfigurationList = 1DAD6D6D13675C700018F2F2 /* Build configuration list for PBXProject "Lockstep" */;
			compatibilityVersion = "Xcode 3.2";
			developmentRegion = English;
			hasScannedForEncodings = 0;
			knownRegions = (
				en,
			);
			mainGroup = 1DAD6D6813675C700018F2F2;
			productRefGroup = 1DAD6D7613675C700018F2F2 /* Products */;
			projectDirPath = "";
			projectRoot = "";
			targets = (
				1DAD6D7413675C700018F2F2 /* Doppelganger */,
			);
		};
/* End PBXProject section */

/* Begin PBXResourcesBuildPhase section */
		1DAD6D7213675C700018F2F2 /* Resources */ = {
			isa = PBXResourcesBuildPhase;
			buildActionMask = 2147483647;
			files = (
				1DAD6D8513675C700018F2F2 /* InfoPlist.strings in Resources */,
				1DAD6D8C13675C700018F2F2 /* Lockstep.tiff in Resources */,
				1DAD6D8F13675C700018F2F2 /* Lockstep.xib in Resources */,
				1DAD6D9C136762790018F2F2 /* lockstep in Resources */,
				1DAD6DA6136856850018F2F2 /* MIT-License.rtf in Resources */,
				1DAD6DAE13686BEA0018F2F2 /* dots.png in Resources */,
				1DAD6DDB136905210018F2F2 /* AddAssociationView.xib in Resources */,
				1DAD6DE61369B9030018F2F2 /* SourceTableBackground.png in Resources */,
			);
			runOnlyForDeploymentPostprocessing = 0;
		};
/* End PBXResourcesBuildPhase section */

/* Begin PBXRezBuildPhase section */
		1DAD6D7313675C700018F2F2 /* Rez */ = {
			isa = PBXRezBuildPhase;
			buildActionMask = 2147483647;
			files = (
			);
			runOnlyForDeploymentPostprocessing = 0;
		};
/* End PBXRezBuildPhase section */

/* Begin PBXSourcesBuildPhase section */
		1DAD6D6F13675C700018F2F2 /* Sources */ = {
			isa = PBXSourcesBuildPhase;
			buildActionMask = 2147483647;
			files = (
				1DAD6D8A13675C700018F2F2 /* Lockstep.m in Sources */,
				1DAD6DA1136762E20018F2F2 /* LockstepCLI.m in Sources */,
				1DAD6DA8136856850018F2F2 /* RSVerticallyCenteredTextFieldCell.m in Sources */,
				1DAD6DAC136856E70018F2F2 /* PathToIconTransformer.m in Sources */,
				1DAD6DB213686FB20018F2F2 /* SourceTableView.m in Sources */,
				1DAD6DD8136905210018F2F2 /* AcceptsDeleteKeyTableView.m in Sources */,
				1DAD6DDA136905210018F2F2 /* AddAssociationController.m in Sources */,
				1DAD6DE2136905400018F2F2 /* SlideView.m in Sources */,
				1DAD6DE4136905400018F2F2 /* ToggleView.m in Sources */,
			);
			runOnlyForDeploymentPostprocessing = 0;
		};
/* End PBXSourcesBuildPhase section */

/* Begin PBXVariantGroup section */
		1DAD6D8313675C700018F2F2 /* InfoPlist.strings */ = {
			isa = PBXVariantGroup;
			children = (
				1DAD6D8413675C700018F2F2 /* en */,
			);
			name = InfoPlist.strings;
			sourceTree = "<group>";
		};
		1DAD6D8D13675C700018F2F2 /* Lockstep.xib */ = {
			isa = PBXVariantGroup;
			children = (
				1DAD6D8E13675C700018F2F2 /* en */,
			);
			name = Lockstep.xib;
			sourceTree = "<group>";
		};
/* End PBXVariantGroup section */

/* Begin XCBuildConfiguration section */
		1DAD6D9013675C700018F2F2 /* Debug */ = {
			isa = XCBuildConfiguration;
			buildSettings = {
				ARCHS = "$(ARCHS_STANDARD_32_64_BIT)";
				GCC_C_LANGUAGE_STANDARD = gnu99;
				GCC_ENABLE_OBJC_GC = supported;
				GCC_OPTIMIZATION_LEVEL = 0;
				GCC_PREPROCESSOR_DEFINITIONS = DEBUG;
				GCC_SYMBOLS_PRIVATE_EXTERN = NO;
				GCC_VERSION = com.apple.compilers.llvm.clang.1_0;
				GCC_WARN_64_TO_32_BIT_CONVERSION = YES;
				GCC_WARN_ABOUT_RETURN_TYPE = YES;
				GCC_WARN_UNUSED_VARIABLE = YES;
				MACOSX_DEPLOYMENT_TARGET = 10.6;
				ONLY_ACTIVE_ARCH = YES;
				SDKROOT = macosx;
			};
			name = Debug;
		};
		1DAD6D9113675C700018F2F2 /* Release */ = {
			isa = XCBuildConfiguration;
			buildSettings = {
				ARCHS = "$(ARCHS_STANDARD_32_64_BIT)";
				GCC_C_LANGUAGE_STANDARD = gnu99;
				GCC_ENABLE_OBJC_GC = supported;
				GCC_VERSION = com.apple.compilers.llvm.clang.1_0;
				GCC_WARN_64_TO_32_BIT_CONVERSION = YES;
				GCC_WARN_ABOUT_RETURN_TYPE = YES;
				GCC_WARN_UNUSED_VARIABLE = YES;
				MACOSX_DEPLOYMENT_TARGET = 10.6;
				SDKROOT = macosx;
			};
			name = Release;
		};
		1DAD6D9313675C700018F2F2 /* Debug */ = {
			isa = XCBuildConfiguration;
			buildSettings = {
				ALWAYS_SEARCH_USER_PATHS = NO;
				COPY_PHASE_STRIP = NO;
				GCC_DYNAMIC_NO_PIC = NO;
				GCC_ENABLE_OBJC_EXCEPTIONS = YES;
				GCC_PRECOMPILE_PREFIX_HEADER = YES;
				GCC_PREFIX_HEADER = "Lockstep/Lockstep-Prefix.pch";
				INFOPLIST_FILE = "Lockstep/Lockstep-Info.plist";
				INSTALL_PATH = "$(HOME)/Library/PreferencePanes";
				PRODUCT_NAME = "$(TARGET_NAME)";
				WRAPPER_EXTENSION = prefPane;
			};
			name = Debug;
		};
		1DAD6D9413675C700018F2F2 /* Release */ = {
			isa = XCBuildConfiguration;
			buildSettings = {
				ALWAYS_SEARCH_USER_PATHS = NO;
				COPY_PHASE_STRIP = YES;
				DEBUG_INFORMATION_FORMAT = "dwarf-with-dsym";
				GCC_ENABLE_OBJC_EXCEPTIONS = YES;
				GCC_PRECOMPILE_PREFIX_HEADER = YES;
				GCC_PREFIX_HEADER = "Lockstep/Lockstep-Prefix.pch";
				INFOPLIST_FILE = "Lockstep/Lockstep-Info.plist";
				INSTALL_PATH = "$(HOME)/Library/PreferencePanes";
				PRODUCT_NAME = "$(TARGET_NAME)";
				WRAPPER_EXTENSION = prefPane;
			};
			name = Release;
		};
/* End XCBuildConfiguration section */

/* Begin XCConfigurationList section */
		1DAD6D6D13675C700018F2F2 /* Build configuration list for PBXProject "Lockstep" */ = {
			isa = XCConfigurationList;
			buildConfigurations = (
				1DAD6D9013675C700018F2F2 /* Debug */,
				1DAD6D9113675C700018F2F2 /* Release */,
			);
			defaultConfigurationIsVisible = 0;
			defaultConfigurationName = Release;
		};
		1DAD6D9213675C700018F2F2 /* Build configuration list for PBXNativeTarget "Doppelganger" */ = {
			isa = XCConfigurationList;
			buildConfigurations = (
				1DAD6D9313675C700018F2F2 /* Debug */,
				1DAD6D9413675C700018F2F2 /* Release */,
			);
			defaultConfigurationIsVisible = 0;
			defaultConfigurationName = Release;
		};
/* End XCConfigurationList section */
	};
	rootObject = 1DAD6D6A13675C700018F2F2 /* Project object */;
}
